
Microsoft Visual Studio Solution File, Format Version 12.00
# Visual Studio Version 17
VisualStudioVersion = 17.4.33205.214
MinimumVisualStudioVersion = 10.0.40219.1
Project("{888888A0-9F3D-457C-B088-3A5042F75D52}") = "PythonApplication2", "PythonApplication2.pyproj", "{E4CE295B-4728-451A-BCB6-9C77931AE6F1}"
EndProject
Global
	GlobalSection(SolutionConfigurationPlatforms) = preSolution
		Debug|Any CPU = Debug|Any CPU
		Release|Any CPU = Release|Any CPU
	EndGlobalSection
	GlobalSection(ProjectConfigurationPlatforms) = postSolution
		{E4CE295B-4728-451A-BCB6-9C77931AE6F1}.Debug|Any CPU.ActiveCfg = Debug|Any CPU
		{E4CE295B-4728-451A-BCB6-9C77931AE6F1}.Release|Any CPU.ActiveCfg = Release|Any CPU
	EndGlobalSection
	GlobalSection(SolutionProperties) = preSolution
		HideSolutionNode = FALSE
	EndGlobalSection
	GlobalSection(ExtensibilityGlobals) = postSolution
		SolutionGuid = {64F5FE09-1CC4-43E7-A9B3-9EFDF1DF7A79}
	EndGlobalSection
EndGlobal
